
Microsoft Visual Studio Solution File, Format Version 12.00
# Visual Studio 15
VisualStudioVersion = 15.0.27428.2002
MinimumVisualStudioVersion = 10.0.40219.1
Project("{FAE04EC0-301F-11D3-BF4B-00C04F79EFBC}") = "Pdf2Png", "Pdf2Png\Pdf2Png.csproj", "{6EC9BD5D-2378-4509-BEE0-D900710614B2}"
EndProject
Global
	GlobalSection(SolutionConfigurationPlatforms) = preSolution
		Debug|Any CPU = Debug|Any CPU
		Release|Any CPU = Release|Any CPU
	EndGlobalSection
	GlobalSection(ProjectConfigurationPlatforms) = postSolution
		{6EC9BD5D-2378-4509-BEE0-D900710614B2}.Debug|Any CPU.ActiveCfg = Release|Any CPU
		{6EC9BD5D-2378-4509-BEE0-D900710614B2}.Debug|Any CPU.Build.0 = Release|Any CPU
		{6EC9BD5D-2378-4509-BEE0-D900710614B2}.Release|Any CPU.ActiveCfg = Release|Any CPU
		{6EC9BD5D-2378-4509-BEE0-D900710614B2}.Release|Any CPU.Build.0 = Release|Any CPU
	EndGlobalSection
	GlobalSection(SolutionProperties) = preSolution
		HideSolutionNode = FALSE
	EndGlobalSection
	GlobalSection(ExtensibilityGlobals) = postSolution
		SolutionGuid = {0AA38818-E87D-45E1-BC99-0F4FE5D0689D}
	EndGlobalSection
EndGlobal
